
Microsoft Visual Studio Solution File, Format Version 12.00
# Visual Studio Version 17
VisualStudioVersion = 17.5.33530.505
MinimumVisualStudioVersion = 10.0.40219.1
Project("{FAE04EC0-301F-11D3-BF4B-00C04F79EFBC}") = "BookDetails", "BookDetails\BookDetails.csproj", "{1353D9E8-43EB-44A9-A8CB-3BF47677B6F9}"
EndProject
Global
	GlobalSection(SolutionConfigurationPlatforms) = preSolution
		Debug|Any CPU = Debug|Any CPU
		Release|Any CPU = Release|Any CPU
	EndGlobalSection
	GlobalSection(ProjectConfigurationPlatforms) = postSolution
		{1353D9E8-43EB-44A9-A8CB-3BF47677B6F9}.Debug|Any CPU.ActiveCfg = Debug|Any CPU
		{1353D9E8-43EB-44A9-A8CB-3BF47677B6F9}.Debug|Any CPU.Build.0 = Debug|Any CPU
		{1353D9E8-43EB-44A9-A8CB-3BF47677B6F9}.Release|Any CPU.ActiveCfg = Release|Any CPU
		{1353D9E8-43EB-44A9-A8CB-3BF47677B6F9}.Release|Any CPU.Build.0 = Release|Any CPU
	EndGlobalSection
	GlobalSection(SolutionProperties) = preSolution
		HideSolutionNode = FALSE
	EndGlobalSection
	GlobalSection(ExtensibilityGlobals) = postSolution
		SolutionGuid = {D7514859-C00E-499D-BC8C-C1C79B941408}
	EndGlobalSection
EndGlobal
